{
    "_readme": [
        "This file locks the dependencies of your project to a known state",
        "Read more about it at https://getcomposer.org/doc/01-basic-usage.md#composer-lock-the-lock-file",
        "This file is @generated automatically"
    ],
    "hash": "7f9381549b4cc79990a91b8f07fc50b6",
    "content-hash": "a84fb9749cd0630d67c31659863bddad",
    "packages": [
        {
            "name": "pyrech/composer-changelogs",
            "version": "v1.5.0",
            "source": {
                "type": "git",
                "url": "https://github.com/pyrech/composer-changelogs.git",
                "reference": "0231ce257a90346aa5c436eb3edf28bc627b5d09"
            },
            "dist": {
                "type": "zip",
                "url": "https://api.github.com/repos/pyrech/composer-changelogs/zipball/0231ce257a90346aa5c436eb3edf28bc627b5d09",
                "reference": "0231ce257a90346aa5c436eb3edf28bc627b5d09",
                "shasum": ""
            },
            "require": {
                "composer-plugin-api": "^1.0",
                "php": ">=5.4.0"
            },
            "require-dev": {
                "composer/composer": "~1.0.0-alpha10@dev",
                "composer/semver": "1.2.0",
                "fabpot/php-cs-fixer": "~1.5",
                "phpunit/phpunit": "^4.8"
            },
            "type": "composer-plugin",
            "extra": {
                "class": "Pyrech\\ComposerChangelogs\\ChangelogsPlugin",
                "branch-alias": {
                    "dev-master": "1.5.x-dev"
                }
            },
            "autoload": {
                "psr-4": {
                    "Pyrech\\ComposerChangelogs\\": "src/"
                }
            },
            "notification-url": "https://packagist.org/downloads/",
            "license": [
                "MIT"
            ],
            "authors": [
                {
                    "name": "Loïck Piera",
                    "email": "pyrech@gmail.com"
                }
            ],
            "description": "Display changelogs after each composer update",
            "keywords": [
                "changelog",
                "composer",
                "plugin",
                "update"
            ],
            "time": "2016-07-04 11:56:39"
        }
    ],
    "packages-dev": [],
    "aliases": [],
    "minimum-stability": "stable",
    "stability-flags": [],
    "prefer-stable": false,
    "prefer-lowest": false,
    "platform": [],
    "platform-dev": []
}
